// !$*UTF8*$!
{
	archiveVersion = 1;
	classes = {
	};
	objectVersion = 55;
	objects = {

/* Begin PBXBuildFile section */
		DA2F9A3528DA4554003BD590 /* LovelyWeatherApp.swift in Sources */ = {isa = PBXBuildFile; fileRef = DA2F9A3428DA4554003BD590 /* LovelyWeatherApp.swift */; };
		DA2F9A3728DA4554003BD590 /* ContentView.swift in Sources */ = {isa = PBXBuildFile; fileRef = DA2F9A3628DA4554003BD590 /* ContentView.swift */; };
		DA2F9A3928DA4556003BD590 /* Assets.xcassets in Resources */ = {isa = PBXBuildFile; fileRef = DA2F9A3828DA4556003BD590 /* Assets.xcassets */; };
		DA2F9A3C28DA4556003BD590 /* Preview Assets.xcassets in Resources */ = {isa = PBXBuildFile; fileRef = DA2F9A3B28DA4556003BD590 /* Preview Assets.xcassets */; };
		DA2F9A4628DA4556003BD590 /* LovelyWeatherTests.swift in Sources */ = {isa = PBXBuildFile; fileRef = DA2F9A4528DA4556003BD590 /* LovelyWeatherTests.swift */; };
		DA2F9A5028DA4556003BD590 /* LovelyWeatherUITests.swift in Sources */ = {isa = PBXBuildFile; fileRef = DA2F9A4F28DA4556003BD590 /* LovelyWeatherUITests.swift */; };
		DA2F9A5228DA4556003BD590 /* LovelyWeatherUITestsLaunchTests.swift in Sources */ = {isa = PBXBuildFile; fileRef = DA2F9A5128DA4556003BD590 /* LovelyWeatherUITestsLaunchTests.swift */; };
/* End PBXBuildFile section */

/* Begin PBXContainerItemProxy section */
		DA2F9A4228DA4556003BD590 /* PBXContainerItemProxy */ = {
			isa = PBXContainerItemProxy;
			containerPortal = DA2F9A2928DA4554003BD590 /* Project object */;
			proxyType = 1;
			remoteGlobalIDString = DA2F9A3028DA4554003BD590;
			remoteInfo = LovelyWeather;
		};
		DA2F9A4C28DA4556003BD590 /* PBXContainerItemProxy */ = {
			isa = PBXContainerItemProxy;
			containerPortal = DA2F9A2928DA4554003BD590 /* Project object */;
			proxyType = 1;
			remoteGlobalIDString = DA2F9A3028DA4554003BD590;
			remoteInfo = LovelyWeather;
		};
/* End PBXContainerItemProxy section */

/* Begin PBXFileReference section */
		DA2F9A3128DA4554003BD590 /* LovelyWeather.app */ = {isa = PBXFileReference; explicitFileType = wrapper.application; includeInIndex = 0; path = LovelyWeather.app; sourceTree = BUILT_PRODUCTS_DIR; };
		DA2F9A3428DA4554003BD590 /* LovelyWeatherApp.swift */ = {isa = PBXFileReference; lastKnownFileType = sourcecode.swift; path = LovelyWeatherApp.swift; sourceTree = "<group>"; };
		DA2F9A3628DA4554003BD590 /* ContentView.swift */ = {isa = PBXFileReference; lastKnownFileType = sourcecode.swift; path = ContentView.swift; sourceTree = "<group>"; };
		DA2F9A3828DA4556003BD590 /* Assets.xcassets */ = {isa = PBXFileReference; lastKnownFileType = folder.assetcatalog; path = Assets.xcassets; sourceTree = "<group>"; };
		DA2F9A3B28DA4556003BD590 /* Preview Assets.xcassets */ = {isa = PBXFileReference; lastKnownFileType = folder.assetcatalog; path = "Preview Assets.xcassets"; sourceTree = "<group>"; };
		DA2F9A4128DA4556003BD590 /* LovelyWeatherTests.xctest */ = {isa = PBXFileReference; explicitFileType = wrapper.cfbundle; includeInIndex = 0; path = LovelyWeatherTests.xctest; sourceTree = BUILT_PRODUCTS_DIR; };
		DA2F9A4528DA4556003BD590 /* LovelyWeatherTests.swift */ = {isa = PBXFileReference; lastKnownFileType = sourcecode.swift; path = LovelyWeatherTests.swift; sourceTree = "<group>"; };
		DA2F9A4B28DA4556003BD590 /* LovelyWeatherUITests.xctest */ = {isa = PBXFileReference; explicitFileType = wrapper.cfbundle; includeInIndex = 0; path = LovelyWeatherUITests.xctest; sourceTree = BUILT_PRODUCTS_DIR; };
		DA2F9A4F28DA4556003BD590 /* LovelyWeatherUITests.swift */ = {isa = PBXFileReference; lastKnownFileType = sourcecode.swift; path = LovelyWeatherUITests.swift; sourceTree = "<group>"; };
		DA2F9A5128DA4556003BD590 /* LovelyWeatherUITestsLaunchTests.swift */ = {isa = PBXFileReference; lastKnownFileType = sourcecode.swift; path = LovelyWeatherUITestsLaunchTests.swift; sourceTree = "<group>"; };
/* End PBXFileReference section */

/* Begin PBXFrameworksBuildPhase section */
		DA2F9A2E28DA4554003BD590 /* Frameworks */ = {
			isa = PBXFrameworksBuildPhase;
			buildActionMask = 2147483647;
			files = (
			);
			runOnlyForDeploymentPostprocessing = 0;
		};
		DA2F9A3E28DA4556003BD590 /* Frameworks */ = {
			isa = PBXFrameworksBuildPhase;
			buildActionMask = 2147483647;
			files = (
			);
			runOnlyForDeploymentPostprocessing = 0;
		};
		DA2F9A4828DA4556003BD590 /* Frameworks */ = {
			isa = PBXFrameworksBuildPhase;
			buildActionMask = 2147483647;
			files = (
			);
			runOnlyForDeploymentPostprocessing = 0;
		};
/* End PBXFrameworksBuildPhase section */

/* Begin PBXGroup section */
		DA2F9A2828DA4554003BD590 = {
			isa = PBXGroup;
			children = (
				DA2F9A3328DA4554003BD590 /* LovelyWeather */,
				DA2F9A4428DA4556003BD590 /* LovelyWeatherTests */,
				DA2F9A4E28DA4556003BD590 /* LovelyWeatherUITests */,
				DA2F9A3228DA4554003BD590 /* Products */,
			);
			sourceTree = "<group>";
		};
		DA2F9A3228DA4554003BD590 /* Products */ = {
			isa = PBXGroup;
			children = (
				DA2F9A3128DA4554003BD590 /* LovelyWeather.app */,
				DA2F9A4128DA4556003BD590 /* LovelyWeatherTests.xctest */,
				DA2F9A4B28DA4556003BD590 /* LovelyWeatherUITests.xctest */,
			);
			name = Products;
			sourceTree = "<group>";
		};
		DA2F9A3328DA4554003BD590 /* LovelyWeather */ = {
			isa = PBXGroup;
			children = (
				DA2F9A3428DA4554003BD590 /* LovelyWeatherApp.swift */,
				DA2F9A3628DA4554003BD590 /* ContentView.swift */,
				DA2F9A3828DA4556003BD590 /* Assets.xcassets */,
				DA2F9A3A28DA4556003BD590 /* Preview Content */,
			);
			path = LovelyWeather;
			sourceTree = "<group>";
		};
		DA2F9A3A28DA4556003BD590 /* Preview Content */ = {
			isa = PBXGroup;
			children = (
				DA2F9A3B28DA4556003BD590 /* Preview Assets.xcassets */,
			);
			path = "Preview Content";
			sourceTree = "<group>";
		};
		DA2F9A4428DA4556003BD590 /* LovelyWeatherTests */ = {
			isa = PBXGroup;
			children = (
				DA2F9A4528DA4556003BD590 /* LovelyWeatherTests.swift */,
			);
			path = LovelyWeatherTests;
			sourceTree = "<group>";
		};
		DA2F9A4E28DA4556003BD590 /* LovelyWeatherUITests */ = {
			isa = PBXGroup;
			children = (
				DA2F9A4F28DA4556003BD590 /* LovelyWeatherUITests.swift */,
				DA2F9A5128DA4556003BD590 /* LovelyWeatherUITestsLaunchTests.swift */,
			);
			path = LovelyWeatherUITests;
			sourceTree = "<group>";
		};
/* End PBXGroup section */

/* Begin PBXNativeTarget section */
		DA2F9A3028DA4554003BD590 /* LovelyWeather */ = {
			isa = PBXNativeTarget;
			buildConfigurationList = DA2F9A5528DA4556003BD590 /* Build configuration list for PBXNativeTarget "LovelyWeather" */;
			buildPhases = (
				DA2F9A2D28DA4554003BD590 /* Sources */,
				DA2F9A2E28DA4554003BD590 /* Frameworks */,
				DA2F9A2F28DA4554003BD590 /* Resources */,
			);
			buildRules = (
			);
			dependencies = (
			);
			name = LovelyWeather;
			productName = LovelyWeather;
			productReference = DA2F9A3128DA4554003BD590 /* LovelyWeather.app */;
			productType = "com.apple.product-type.application";
		};
		DA2F9A4028DA4556003BD590 /* LovelyWeatherTests */ = {
			isa = PBXNativeTarget;
			buildConfigurationList = DA2F9A5828DA4556003BD590 /* Build configuration list for PBXNativeTarget "LovelyWeatherTests" */;
			buildPhases = (
				DA2F9A3D28DA4556003BD590 /* Sources */,
				DA2F9A3E28DA4556003BD590 /* Frameworks */,
				DA2F9A3F28DA4556003BD590 /* Resources */,
			);
			buildRules = (
			);
			dependencies = (
				DA2F9A4328DA4556003BD590 /* PBXTargetDependency */,
			);
			name = LovelyWeatherTests;
			productName = LovelyWeatherTests;
			productReference = DA2F9A4128DA4556003BD590 /* LovelyWeatherTests.xctest */;
			productType = "com.apple.product-type.bundle.unit-test";
		};
		DA2F9A4A28DA4556003BD590 /* LovelyWeatherUITests */ = {
			isa = PBXNativeTarget;
			buildConfigurationList = DA2F9A5B28DA4556003BD590 /* Build configuration list for PBXNativeTarget "LovelyWeatherUITests" */;
			buildPhases = (
				DA2F9A4728DA4556003BD590 /* Sources */,
				DA2F9A4828DA4556003BD590 /* Frameworks */,
				DA2F9A4928DA4556003BD590 /* Resources */,
			);
			buildRules = (
			);
			dependencies = (
				DA2F9A4D28DA4556003BD590 /* PBXTargetDependency */,
			);
			name = LovelyWeatherUITests;
			productName = LovelyWeatherUITests;
			productReference = DA2F9A4B28DA4556003BD590 /* LovelyWeatherUITests.xctest */;
			productType = "com.apple.product-type.bundle.ui-testing";
		};
/* End PBXNativeTarget section */

/* Begin PBXProject section */
		DA2F9A2928DA4554003BD590 /* Project object */ = {
			isa = PBXProject;
			attributes = {
				BuildIndependentTargetsInParallel = 1;
				LastSwiftUpdateCheck = 1340;
				LastUpgradeCheck = 1340;
				TargetAttributes = {
					DA2F9A3028DA4554003BD590 = {
						CreatedOnToolsVersion = 13.4.1;
					};
					DA2F9A4028DA4556003BD590 = {
						CreatedOnToolsVersion = 13.4.1;
						TestTargetID = DA2F9A3028DA4554003BD590;
					};
					DA2F9A4A28DA4556003BD590 = {
						CreatedOnToolsVersion = 13.4.1;
						TestTargetID = DA2F9A3028DA4554003BD590;
					};
				};
			};
			buildConfigurationList = DA2F9A2C28DA4554003BD590 /* Build configuration list for PBXProject "LovelyWeather" */;
			compatibilityVersion = "Xcode 13.0";
			developmentRegion = en;
			hasScannedForEncodings = 0;
			knownRegions = (
				en,
				Base,
			);
			mainGroup = DA2F9A2828DA4554003BD590;
			productRefGroup = DA2F9A3228DA4554003BD590 /* Products */;
			projectDirPath = "";
			projectRoot = "";
			targets = (
				DA2F9A3028DA4554003BD590 /* LovelyWeather */,
				DA2F9A4028DA4556003BD590 /* LovelyWeatherTests */,
				DA2F9A4A28DA4556003BD590 /* LovelyWeatherUITests */,
			);
		};
/* End PBXProject section */

/* Begin PBXResourcesBuildPhase section */
		DA2F9A2F28DA4554003BD590 /* Resources */ = {
			isa = PBXResourcesBuildPhase;
			buildActionMask = 2147483647;
			files = (
				DA2F9A3C28DA4556003BD590 /* Preview Assets.xcassets in Resources */,
				DA2F9A3928DA4556003BD590 /* Assets.xcassets in Resources */,
			);
			runOnlyForDeploymentPostprocessing = 0;
		};
		DA2F9A3F28DA4556003BD590 /* Resources */ = {
			isa = PBXResourcesBuildPhase;
			buildActionMask = 2147483647;
			files = (
			);
			runOnlyForDeploymentPostprocessing = 0;
		};
		DA2F9A4928DA4556003BD590 /* Resources */ = {
			isa = PBXResourcesBuildPhase;
			buildActionMask = 2147483647;
			files = (
			);
			runOnlyForDeploymentPostprocessing = 0;
		};
/* End PBXResourcesBuildPhase section */

/* Begin PBXSourcesBuildPhase section */
		DA2F9A2D28DA4554003BD590 /* Sources */ = {
			isa = PBXSourcesBuildPhase;
			buildActionMask = 2147483647;
			files = (
				DA2F9A3728DA4554003BD590 /* ContentView.swift in Sources */,
				DA2F9A3528DA4554003BD590 /* LovelyWeatherApp.swift in Sources */,
			);
			runOnlyForDeploymentPostprocessing = 0;
		};
		DA2F9A3D28DA4556003BD590 /* Sources */ = {
			isa = PBXSourcesBuildPhase;
			buildActionMask = 2147483647;
			files = (
				DA2F9A4628DA4556003BD590 /* LovelyWeatherTests.swift in Sources */,
			);
			runOnlyForDeploymentPostprocessing = 0;
		};
		DA2F9A4728DA4556003BD590 /* Sources */ = {
			isa = PBXSourcesBuildPhase;
			buildActionMask = 2147483647;
			files = (
				DA2F9A5228DA4556003BD590 /* LovelyWeatherUITestsLaunchTests.swift in Sources */,
				DA2F9A5028DA4556003BD590 /* LovelyWeatherUITests.swift in Sources */,
			);
			runOnlyForDeploymentPostprocessing = 0;
		};
/* End PBXSourcesBuildPhase section */

/* Begin PBXTargetDependency section */
		DA2F9A4328DA4556003BD590 /* PBXTargetDependency */ = {
			isa = PBXTargetDependency;
			target = DA2F9A3028DA4554003BD590 /* LovelyWeather */;
			targetProxy = DA2F9A4228DA4556003BD590 /* PBXContainerItemProxy */;
		};
		DA2F9A4D28DA4556003BD590 /* PBXTargetDependency */ = {
			isa = PBXTargetDependency;
			target = DA2F9A3028DA4554003BD590 /* LovelyWeather */;
			targetProxy = DA2F9A4C28DA4556003BD590 /* PBXContainerItemProxy */;
		};
/* End PBXTargetDependency section */

/* Begin XCBuildConfiguration section */
		DA2F9A5328DA4556003BD590 /* Debug */ = {
			isa = XCBuildConfiguration;
			buildSettings = {
				ALWAYS_SEARCH_USER_PATHS = NO;
				CLANG_ANALYZER_NONNULL = YES;
				CLANG_ANALYZER_NUMBER_OBJECT_CONVERSION = YES_AGGRESSIVE;
				CLANG_CXX_LANGUAGE_STANDARD = "gnu++17";
				CLANG_ENABLE_MODULES = YES;
				CLANG_ENABLE_OBJC_ARC = YES;
				CLANG_ENABLE_OBJC_WEAK = YES;
				CLANG_WARN_BLOCK_CAPTURE_AUTORELEASING = YES;
				CLANG_WARN_BOOL_CONVERSION = YES;
				CLANG_WARN_COMMA = YES;
				CLANG_WARN_CONSTANT_CONVERSION = YES;
				CLANG_WARN_DEPRECATED_OBJC_IMPLEMENTATIONS = YES;
				CLANG_WARN_DIRECT_OBJC_ISA_USAGE = YES_ERROR;
				CLANG_WARN_DOCUMENTATION_COMMENTS = YES;
				CLANG_WARN_EMPTY_BODY = YES;
				CLANG_WARN_ENUM_CONVERSION = YES;
				CLANG_WARN_INFINITE_RECURSION = YES;
				CLANG_WARN_INT_CONVERSION = YES;
				CLANG_WARN_NON_LITERAL_NULL_CONVERSION = YES;
				CLANG_WARN_OBJC_IMPLICIT_RETAIN_SELF = YES;
				CLANG_WARN_OBJC_LITERAL_CONVERSION = YES;
				CLANG_WARN_OBJC_ROOT_CLASS = YES_ERROR;
				CLANG_WARN_QUOTED_INCLUDE_IN_FRAMEWORK_HEADER = YES;
				CLANG_WARN_RANGE_LOOP_ANALYSIS = YES;
				CLANG_WARN_STRICT_PROTOTYPES = YES;
				CLANG_WARN_SUSPICIOUS_MOVE = YES;
				CLANG_WARN_UNGUARDED_AVAILABILITY = YES_AGGRESSIVE;
				CLANG_WARN_UNREACHABLE_CODE = YES;
				CLANG_WARN__DUPLICATE_METHOD_MATCH = YES;
				COPY_PHASE_STRIP = NO;
				DEBUG_INFORMATION_FORMAT = dwarf;
				ENABLE_STRICT_OBJC_MSGSEND = YES;
				ENABLE_TESTABILITY = YES;
				GCC_C_LANGUAGE_STANDARD = gnu11;
				GCC_DYNAMIC_NO_PIC = NO;
				GCC_NO_COMMON_BLOCKS = YES;
				GCC_OPTIMIZATION_LEVEL = 0;
				GCC_PREPROCESSOR_DEFINITIONS = (
					"DEBUG=1",
					"$(inherited)",
				);
				GCC_WARN_64_TO_32_BIT_CONVERSION = YES;
				GCC_WARN_ABOUT_RETURN_TYPE = YES_ERROR;
				GCC_WARN_UNDECLARED_SELECTOR = YES;
				GCC_WARN_UNINITIALIZED_AUTOS = YES_AGGRESSIVE;
				GCC_WARN_UNUSED_FUNCTION = YES;
				GCC_WARN_UNUSED_VARIABLE = YES;
				IPHONEOS_DEPLOYMENT_TARGET = 15.5;
				MTL_ENABLE_DEBUG_INFO = INCLUDE_SOURCE;
				MTL_FAST_MATH = YES;
				ONLY_ACTIVE_ARCH = YES;
				SDKROOT = iphoneos;
				SWIFT_ACTIVE_COMPILATION_CONDITIONS = DEBUG;
				SWIFT_OPTIMIZATION_LEVEL = "-Onone";
			};
			name = Debug;
		};
		DA2F9A5428DA4556003BD590 /* Release */ = {
			isa = XCBuildConfiguration;
			buildSettings = {
				ALWAYS_SEARCH_USER_PATHS = NO;
				CLANG_ANALYZER_NONNULL = YES;
				CLANG_ANALYZER_NUMBER_OBJECT_CONVERSION = YES_AGGRESSIVE;
				CLANG_CXX_LANGUAGE_STANDARD = "gnu++17";
				CLANG_ENABLE_MODULES = YES;
				CLANG_ENABLE_OBJC_ARC = YES;
				CLANG_ENABLE_OBJC_WEAK = YES;
				CLANG_WARN_BLOCK_CAPTURE_AUTORELEASING = YES;
				CLANG_WARN_BOOL_CONVERSION = YES;
				CLANG_WARN_COMMA = YES;
				CLANG_WARN_CONSTANT_CONVERSION = YES;
				CLANG_WARN_DEPRECATED_OBJC_IMPLEMENTATIONS = YES;
				CLANG_WARN_DIRECT_OBJC_ISA_USAGE = YES_ERROR;
				CLANG_WARN_DOCUMENTATION_COMMENTS = YES;
				CLANG_WARN_EMPTY_BODY = YES;
				CLANG_WARN_ENUM_CONVERSION = YES;
				CLANG_WARN_INFINITE_RECURSION = YES;
				CLANG_WARN_INT_CONVERSION = YES;
				CLANG_WARN_NON_LITERAL_NULL_CONVERSION = YES;
				CLANG_WARN_OBJC_IMPLICIT_RETAIN_SELF = YES;
				CLANG_WARN_OBJC_LITERAL_CONVERSION = YES;
				CLANG_WARN_OBJC_ROOT_CLASS = YES_ERROR;
				CLANG_WARN_QUOTED_INCLUDE_IN_FRAMEWORK_HEADER = YES;
				CLANG_WARN_RANGE_LOOP_ANALYSIS = YES;
				CLANG_WARN_STRICT_PROTOTYPES = YES;
				CLANG_WARN_SUSPICIOUS_MOVE = YES;
				CLANG_WARN_UNGUARDED_AVAILABILITY = YES_AGGRESSIVE;
				CLANG_WARN_UNREACHABLE_CODE = YES;
				CLANG_WARN__DUPLICATE_METHOD_MATCH = YES;
				COPY_PHASE_STRIP = NO;
				DEBUG_INFORMATION_FORMAT = "dwarf-with-dsym";
				ENABLE_NS_ASSERTIONS = NO;
				ENABLE_STRICT_OBJC_MSGSEND = YES;
				GCC_C_LANGUAGE_STANDARD = gnu11;
				GCC_NO_COMMON_BLOCKS = YES;
				GCC_WARN_64_TO_32_BIT_CONVERSION = YES;
				GCC_WARN_ABOUT_RETURN_TYPE = YES_ERROR;
				GCC_WARN_UNDECLARED_SELECTOR = YES;
				GCC_WARN_UNINITIALIZED_AUTOS = YES_AGGRESSIVE;
				GCC_WARN_UNUSED_FUNCTION = YES;
				GCC_WARN_UNUSED_VARIABLE = YES;
				IPHONEOS_DEPLOYMENT_TARGET = 15.5;
				MTL_ENABLE_DEBUG_INFO = NO;
				MTL_FAST_MATH = YES;
				SDKROOT = iphoneos;
				SWIFT_COMPILATION_MODE = wholemodule;
				SWIFT_OPTIMIZATION_LEVEL = "-O";
				VALIDATE_PRODUCT = YES;
			};
			name = Release;
		};
		DA2F9A5628DA4556003BD590 /* Debug */ = {
			isa = XCBuildConfiguration;
			buildSettings = {
				ASSETCATALOG_COMPILER_APPICON_NAME = AppIcon;
				ASSETCATALOG_COMPILER_GLOBAL_ACCENT_COLOR_NAME = AccentColor;
				CODE_SIGN_STYLE = Automatic;
				CURRENT_PROJECT_VERSION = 1;
				DEVELOPMENT_ASSET_PATHS = "\"LovelyWeather/Preview Content\"";
				ENABLE_PREVIEWS = YES;
				GENERATE_INFOPLIST_FILE = YES;
				INFOPLIST_KEY_UIApplicationSceneManifest_Generation = YES;
				INFOPLIST_KEY_UIApplicationSupportsIndirectInputEvents = YES;
				INFOPLIST_KEY_UILaunchScreen_Generation = YES;
				INFOPLIST_KEY_UISupportedInterfaceOrientations_iPad = "UIInterfaceOrientationPortrait UIInterfaceOrientationPortraitUpsideDown UIInterfaceOrientationLandscapeLeft UIInterfaceOrientationLandscapeRight";
				INFOPLIST_KEY_UISupportedInterfaceOrientations_iPhone = "UIInterfaceOrientationPortrait UIInterfaceOrientationLandscapeLeft UIInterfaceOrientationLandscapeRight";
				LD_RUNPATH_SEARCH_PATHS = (
					"$(inherited)",
					"@executable_path/Frameworks",
				);
				MARKETING_VERSION = 1.0;
				PRODUCT_BUNDLE_IDENTIFIER = com.druigo.LovelyWeather;
				PRODUCT_NAME = "$(TARGET_NAME)";
				SWIFT_EMIT_LOC_STRINGS = YES;
				SWIFT_VERSION = 5.0;
				TARGETED_DEVICE_FAMILY = "1,2";
			};
			name = Debug;
		};
		DA2F9A5728DA4556003BD590 /* Release */ = {
			isa = XCBuildConfiguration;
			buildSettings = {
				ASSETCATALOG_COMPILER_APPICON_NAME = AppIcon;
				ASSETCATALOG_COMPILER_GLOBAL_ACCENT_COLOR_NAME = AccentColor;
				CODE_SIGN_STYLE = Automatic;
				CURRENT_PROJECT_VERSION = 1;
				DEVELOPMENT_ASSET_PATHS = "\"LovelyWeather/Preview Content\"";
				ENABLE_PREVIEWS = YES;
				GENERATE_INFOPLIST_FILE = YES;
				INFOPLIST_KEY_UIApplicationSceneManifest_Generation = YES;
				INFOPLIST_KEY_UIApplicationSupportsIndirectInputEvents = YES;
				INFOPLIST_KEY_UILaunchScreen_Generation = YES;
				INFOPLIST_KEY_UISupportedInterfaceOrientations_iPad = "UIInterfaceOrientationPortrait UIInterfaceOrientationPortraitUpsideDown UIInterfaceOrientationLandscapeLeft UIInterfaceOrientationLandscapeRight";
				INFOPLIST_KEY_UISupportedInterfaceOrientations_iPhone = "UIInterfaceOrientationPortrait UIInterfaceOrientationLandscapeLeft UIInterfaceOrientationLandscapeRight";
				LD_RUNPATH_SEARCH_PATHS = (
					"$(inherited)",
					"@executable_path/Frameworks",
				);
				MARKETING_VERSION = 1.0;
				PRODUCT_BUNDLE_IDENTIFIER = com.druigo.LovelyWeather;
				PRODUCT_NAME = "$(TARGET_NAME)";
				SWIFT_EMIT_LOC_STRINGS = YES;
				SWIFT_VERSION = 5.0;
				TARGETED_DEVICE_FAMILY = "1,2";
			};
			name = Release;
		};
		DA2F9A5928DA4556003BD590 /* Debug */ = {
			isa = XCBuildConfiguration;
			buildSettings = {
				ALWAYS_EMBED_SWIFT_STANDARD_LIBRARIES = YES;
				BUNDLE_LOADER = "$(TEST_HOST)";
				CODE_SIGN_STYLE = Automatic;
				CURRENT_PROJECT_VERSION = 1;
				GENERATE_INFOPLIST_FILE = YES;
				IPHONEOS_DEPLOYMENT_TARGET = 15.5;
				MARKETING_VERSION = 1.0;
				PRODUCT_BUNDLE_IDENTIFIER = com.druigo.LovelyWeatherTests;
				PRODUCT_NAME = "$(TARGET_NAME)";
				SWIFT_EMIT_LOC_STRINGS = NO;
				SWIFT_VERSION = 5.0;
				TARGETED_DEVICE_FAMILY = "1,2";
				TEST_HOST = "$(BUILT_PRODUCTS_DIR)/LovelyWeather.app/LovelyWeather";
			};
			name = Debug;
		};
		DA2F9A5A28DA4556003BD590 /* Release */ = {
			isa = XCBuildConfiguration;
			buildSettings = {
				ALWAYS_EMBED_SWIFT_STANDARD_LIBRARIES = YES;
				BUNDLE_LOADER = "$(TEST_HOST)";
				CODE_SIGN_STYLE = Automatic;
				CURRENT_PROJECT_VERSION = 1;
				GENERATE_INFOPLIST_FILE = YES;
				IPHONEOS_DEPLOYMENT_TARGET = 15.5;
				MARKETING_VERSION = 1.0;
				PRODUCT_BUNDLE_IDENTIFIER = com.druigo.LovelyWeatherTests;
				PRODUCT_NAME = "$(TARGET_NAME)";
				SWIFT_EMIT_LOC_STRINGS = NO;
				SWIFT_VERSION = 5.0;
				TARGETED_DEVICE_FAMILY = "1,2";
				TEST_HOST = "$(BUILT_PRODUCTS_DIR)/LovelyWeather.app/LovelyWeather";
			};
			name = Release;
		};
		DA2F9A5C28DA4556003BD590 /* Debug */ = {
			isa = XCBuildConfiguration;
			buildSettings = {
				ALWAYS_EMBED_SWIFT_STANDARD_LIBRARIES = YES;
				CODE_SIGN_STYLE = Automatic;
				CURRENT_PROJECT_VERSION = 1;
				GENERATE_INFOPLIST_FILE = YES;
				MARKETING_VERSION = 1.0;
				PRODUCT_BUNDLE_IDENTIFIER = com.druigo.LovelyWeatherUITests;
				PRODUCT_NAME = "$(TARGET_NAME)";
				SWIFT_EMIT_LOC_STRINGS = NO;
				SWIFT_VERSION = 5.0;
				TARGETED_DEVICE_FAMILY = "1,2";
				TEST_TARGET_NAME = LovelyWeather;
			};
			name = Debug;
		};
		DA2F9A5D28DA4556003BD590 /* Release */ = {
			isa = XCBuildConfiguration;
			buildSettings = {
				ALWAYS_EMBED_SWIFT_STANDARD_LIBRARIES = YES;
				CODE_SIGN_STYLE = Automatic;
				CURRENT_PROJECT_VERSION = 1;
				GENERATE_INFOPLIST_FILE = YES;
				MARKETING_VERSION = 1.0;
				PRODUCT_BUNDLE_IDENTIFIER = com.druigo.LovelyWeatherUITests;
				PRODUCT_NAME = "$(TARGET_NAME)";
				SWIFT_EMIT_LOC_STRINGS = NO;
				SWIFT_VERSION = 5.0;
				TARGETED_DEVICE_FAMILY = "1,2";
				TEST_TARGET_NAME = LovelyWeather;
			};
			name = Release;
		};
/* End XCBuildConfiguration section */

/* Begin XCConfigurationList section */
		DA2F9A2C28DA4554003BD590 /* Build configuration list for PBXProject "LovelyWeather" */ = {
			isa = XCConfigurationList;
			buildConfigurations = (
				DA2F9A5328DA4556003BD590 /* Debug */,
				DA2F9A5428DA4556003BD590 /* Release */,
			);
			defaultConfigurationIsVisible = 0;
			defaultConfigurationName = Release;
		};
		DA2F9A5528DA4556003BD590 /* Build configuration list for PBXNativeTarget "LovelyWeather" */ = {
			isa = XCConfigurationList;
			buildConfigurations = (
				DA2F9A5628DA4556003BD590 /* Debug */,
				DA2F9A5728DA4556003BD590 /* Release */,
			);
			defaultConfigurationIsVisible = 0;
			defaultConfigurationName = Release;
		};
		DA2F9A5828DA4556003BD590 /* Build configuration list for PBXNativeTarget "LovelyWeatherTests" */ = {
			isa = XCConfigurationList;
			buildConfigurations = (
				DA2F9A5928DA4556003BD590 /* Debug */,
				DA2F9A5A28DA4556003BD590 /* Release */,
			);
			defaultConfigurationIsVisible = 0;
			defaultConfigurationName = Release;
		};
		DA2F9A5B28DA4556003BD590 /* Build configuration list for PBXNativeTarget "LovelyWeatherUITests" */ = {
			isa = XCConfigurationList;
			buildConfigurations = (
				DA2F9A5C28DA4556003BD590 /* Debug */,
				DA2F9A5D28DA4556003BD590 /* Release */,
			);
			defaultConfigurationIsVisible = 0;
			defaultConfigurationName = Release;
		};
/* End XCConfigurationList section */
	};
	rootObject = DA2F9A2928DA4554003BD590 /* Project object */;
}
